
Microsoft Visual Studio Solution File, Format Version 12.00
# Visual Studio Version 16
VisualStudioVersion = 16.0.30804.86
MinimumVisualStudioVersion = 10.0.40219.1
Project("{FAE04EC0-301F-11D3-BF4B-00C04F79EFBC}") = "CrudEntityFramework", "CrudEntityFramework\CrudEntityFramework.csproj", "{1936599E-BF40-4037-8F61-ECF01BA8AC85}"
EndProject
Global
	GlobalSection(SolutionConfigurationPlatforms) = preSolution
		Debug|Any CPU = Debug|Any CPU
		Release|Any CPU = Release|Any CPU
	EndGlobalSection
	GlobalSection(ProjectConfigurationPlatforms) = postSolution
		{1936599E-BF40-4037-8F61-ECF01BA8AC85}.Debug|Any CPU.ActiveCfg = Debug|Any CPU
		{1936599E-BF40-4037-8F61-ECF01BA8AC85}.Debug|Any CPU.Build.0 = Debug|Any CPU
		{1936599E-BF40-4037-8F61-ECF01BA8AC85}.Release|Any CPU.ActiveCfg = Release|Any CPU
		{1936599E-BF40-4037-8F61-ECF01BA8AC85}.Release|Any CPU.Build.0 = Release|Any CPU
	EndGlobalSection
	GlobalSection(SolutionProperties) = preSolution
		HideSolutionNode = FALSE
	EndGlobalSection
	GlobalSection(ExtensibilityGlobals) = postSolution
		SolutionGuid = {B5EB049D-FE43-4F35-B560-319F38051A31}
	EndGlobalSection
EndGlobal
